
Microsoft Visual Studio Solution File, Format Version 12.00
# Visual Studio 15
VisualStudioVersion = 15.0.27130.2026
MinimumVisualStudioVersion = 10.0.40219.1
Project("{FAE04EC0-301F-11D3-BF4B-00C04F79EFBC}") = "StreamMuxerExample", "StreamMuxerExample\StreamMuxerExample.csproj", "{4573C2A5-2F87-4E45-BFE4-D5161DEAC6A8}"
EndProject
Project("{FAE04EC0-301F-11D3-BF4B-00C04F79EFBC}") = "RevolutionaryStuff.JBT.Streams", "RevolutionaryStuff.JBT.Streams\RevolutionaryStuff.JBT.Streams.csproj", "{5D63B6B3-2509-40B0-A97A-ACD3A7944DBD}"
EndProject
Global
	GlobalSection(SolutionConfigurationPlatforms) = preSolution
		Debug|Any CPU = Debug|Any CPU
		Release|Any CPU = Release|Any CPU
	EndGlobalSection
	GlobalSection(ProjectConfigurationPlatforms) = postSolution
		{4573C2A5-2F87-4E45-BFE4-D5161DEAC6A8}.Debug|Any CPU.ActiveCfg = Debug|Any CPU
		{4573C2A5-2F87-4E45-BFE4-D5161DEAC6A8}.Debug|Any CPU.Build.0 = Debug|Any CPU
		{4573C2A5-2F87-4E45-BFE4-D5161DEAC6A8}.Release|Any CPU.ActiveCfg = Release|Any CPU
		{4573C2A5-2F87-4E45-BFE4-D5161DEAC6A8}.Release|Any CPU.Build.0 = Release|Any CPU
		{5D63B6B3-2509-40B0-A97A-ACD3A7944DBD}.Debug|Any CPU.ActiveCfg = Debug|Any CPU
		{5D63B6B3-2509-40B0-A97A-ACD3A7944DBD}.Debug|Any CPU.Build.0 = Debug|Any CPU
		{5D63B6B3-2509-40B0-A97A-ACD3A7944DBD}.Release|Any CPU.ActiveCfg = Release|Any CPU
		{5D63B6B3-2509-40B0-A97A-ACD3A7944DBD}.Release|Any CPU.Build.0 = Release|Any CPU
	EndGlobalSection
	GlobalSection(SolutionProperties) = preSolution
		HideSolutionNode = FALSE
	EndGlobalSection
	GlobalSection(ExtensibilityGlobals) = postSolution
		SolutionGuid = {D096C7A6-DC6D-45F5-B5FA-2BD896FDFAC1}
	EndGlobalSection
EndGlobal
